
Microsoft Visual Studio Solution File, Format Version 12.00
# Visual Studio 15
VisualStudioVersion = 15.0.28307.539
MinimumVisualStudioVersion = 10.0.40219.1
Project("{FAE04EC0-301F-11D3-BF4B-00C04F79EFBC}") = "PinnacleFrameworkExcercise", "PinnacleFrameworkExcercise\PinnacleFrameworkExcercise.csproj", "{BAF7073E-8493-4C27-A937-8ACC57E9A646}"
EndProject
Global
	GlobalSection(SolutionConfigurationPlatforms) = preSolution
		Debug|Any CPU = Debug|Any CPU
		Release|Any CPU = Release|Any CPU
	EndGlobalSection
	GlobalSection(ProjectConfigurationPlatforms) = postSolution
		{BAF7073E-8493-4C27-A937-8ACC57E9A646}.Debug|Any CPU.ActiveCfg = Debug|Any CPU
		{BAF7073E-8493-4C27-A937-8ACC57E9A646}.Debug|Any CPU.Build.0 = Debug|Any CPU
		{BAF7073E-8493-4C27-A937-8ACC57E9A646}.Release|Any CPU.ActiveCfg = Release|Any CPU
		{BAF7073E-8493-4C27-A937-8ACC57E9A646}.Release|Any CPU.Build.0 = Release|Any CPU
	EndGlobalSection
	GlobalSection(SolutionProperties) = preSolution
		HideSolutionNode = FALSE
	EndGlobalSection
	GlobalSection(ExtensibilityGlobals) = postSolution
		SolutionGuid = {D5626AE1-8A0B-4877-8800-2A12F194C4BF}
	EndGlobalSection
EndGlobal
